// !$*UTF8*$!
{
	archiveVersion = 1;
	classes = {
	};
	objectVersion = 46;
	objects = {

/* Begin PBXBuildFile section */
		6BF2C16AAFFA77DC752F3883 /* libPods.a in Frameworks */ = {isa = PBXBuildFile; fileRef = E907BAC9F43B61A34BC67DB4 /* libPods.a */; };
		B344FC8E1C055CAC00B069AB /* main.m in Sources */ = {isa = PBXBuildFile; fileRef = B344FC8D1C055CAC00B069AB /* main.m */; };
		B344FC991C055CAC00B069AB /* Assets.xcassets in Resources */ = {isa = PBXBuildFile; fileRef = B344FC981C055CAC00B069AB /* Assets.xcassets */; };
		B344FC9C1C055CAC00B069AB /* LaunchScreen.storyboard in Resources */ = {isa = PBXBuildFile; fileRef = B344FC9A1C055CAC00B069AB /* LaunchScreen.storyboard */; };
		B344FCBE1C055DFB00B069AB /* AppDelegate.m in Sources */ = {isa = PBXBuildFile; fileRef = B344FCBC1C055DFB00B069AB /* AppDelegate.m */; };
		B344FCC01C055E7E00B069AB /* Main.storyboard in Resources */ = {isa = PBXBuildFile; fileRef = B344FCBF1C055E7E00B069AB /* Main.storyboard */; };
		B344FCC21C055F1200B069AB /* Login.storyboard in Resources */ = {isa = PBXBuildFile; fileRef = B344FCC11C055F1200B069AB /* Login.storyboard */; };
		B344FCC51C055F2E00B069AB /* LoginVC.m in Sources */ = {isa = PBXBuildFile; fileRef = B344FCC41C055F2E00B069AB /* LoginVC.m */; };
		B344FCCA1C0563A700B069AB /* ForgetPasswordVC.m in Sources */ = {isa = PBXBuildFile; fileRef = B344FCC91C0563A700B069AB /* ForgetPasswordVC.m */; };
		B344FCCD1C0563B700B069AB /* RegisterVC.m in Sources */ = {isa = PBXBuildFile; fileRef = B344FCCC1C0563B700B069AB /* RegisterVC.m */; };
		B344FCD01C0564B800B069AB /* AttendanceVC.m in Sources */ = {isa = PBXBuildFile; fileRef = B344FCCF1C0564B800B069AB /* AttendanceVC.m */; };
		B344FCD31C0564C700B069AB /* ContactsVC.m in Sources */ = {isa = PBXBuildFile; fileRef = B344FCD21C0564C700B069AB /* ContactsVC.m */; };
		B344FCD61C0564FB00B069AB /* DiscoverVC.m in Sources */ = {isa = PBXBuildFile; fileRef = B344FCD51C0564FB00B069AB /* DiscoverVC.m */; };
		B344FCD91C05650600B069AB /* SettingVC.m in Sources */ = {isa = PBXBuildFile; fileRef = B344FCD81C05650600B069AB /* SettingVC.m */; };
		B344FCDD1C0567C100B069AB /* BaseNavController.m in Sources */ = {isa = PBXBuildFile; fileRef = B344FCDC1C0567C100B069AB /* BaseNavController.m */; };
		B346FC0F1C0595A900814E85 /* NetManager.m in Sources */ = {isa = PBXBuildFile; fileRef = B346FC0E1C0595A900814E85 /* NetManager.m */; };
/* End PBXBuildFile section */

/* Begin PBXFileReference section */
		45F05B7765175D112E4223DF /* Pods.release.xcconfig */ = {isa = PBXFileReference; includeInIndex = 1; lastKnownFileType = text.xcconfig; name = Pods.release.xcconfig; path = "Pods/Target Support Files/Pods/Pods.release.xcconfig"; sourceTree = "<group>"; };
		9A0CA5C9E99A3F0B04A9C1BE /* Pods.debug.xcconfig */ = {isa = PBXFileReference; includeInIndex = 1; lastKnownFileType = text.xcconfig; name = Pods.debug.xcconfig; path = "Pods/Target Support Files/Pods/Pods.debug.xcconfig"; sourceTree = "<group>"; };
		B344FC891C055CAC00B069AB /* lmyq.app */ = {isa = PBXFileReference; explicitFileType = wrapper.application; includeInIndex = 0; path = lmyq.app; sourceTree = BUILT_PRODUCTS_DIR; };
		B344FC8D1C055CAC00B069AB /* main.m */ = {isa = PBXFileReference; lastKnownFileType = sourcecode.c.objc; path = main.m; sourceTree = "<group>"; };
		B344FC981C055CAC00B069AB /* Assets.xcassets */ = {isa = PBXFileReference; lastKnownFileType = folder.assetcatalog; path = Assets.xcassets; sourceTree = "<group>"; };
		B344FC9B1C055CAC00B069AB /* Base */ = {isa = PBXFileReference; lastKnownFileType = file.storyboard; name = Base; path = Base.lproj/LaunchScreen.storyboard; sourceTree = "<group>"; };
		B344FC9D1C055CAC00B069AB /* Info.plist */ = {isa = PBXFileReference; lastKnownFileType = text.plist.xml; path = Info.plist; sourceTree = "<group>"; };
		B344FCBB1C055DFB00B069AB /* AppDelegate.h */ = {isa = PBXFileReference; fileEncoding = 4; lastKnownFileType = sourcecode.c.h; path = AppDelegate.h; sourceTree = "<group>"; };
		B344FCBC1C055DFB00B069AB /* AppDelegate.m */ = {isa = PBXFileReference; fileEncoding = 4; lastKnownFileType = sourcecode.c.objc; path = AppDelegate.m; sourceTree = "<group>"; };
		B344FCBF1C055E7E00B069AB /* Main.storyboard */ = {isa = PBXFileReference; fileEncoding = 4; lastKnownFileType = file.storyboard; path = Main.storyboard; sourceTree = "<group>"; };
		B344FCC11C055F1200B069AB /* Login.storyboard */ = {isa = PBXFileReference; fileEncoding = 4; lastKnownFileType = file.storyboard; path = Login.storyboard; sourceTree = "<group>"; };
		B344FCC31C055F2E00B069AB /* LoginVC.h */ = {isa = PBXFileReference; fileEncoding = 4; lastKnownFileType = sourcecode.c.h; path = LoginVC.h; sourceTree = "<group>"; };
		B344FCC41C055F2E00B069AB /* LoginVC.m */ = {isa = PBXFileReference; fileEncoding = 4; lastKnownFileType = sourcecode.c.objc; path = LoginVC.m; sourceTree = "<group>"; };
		B344FCC61C055F9800B069AB /* PrefixHeader.pch */ = {isa = PBXFileReference; lastKnownFileType = sourcecode.c.h; path = PrefixHeader.pch; sourceTree = "<group>"; };
		B344FCC71C05602200B069AB /* CONST.h */ = {isa = PBXFileReference; lastKnownFileType = sourcecode.c.h; path = CONST.h; sourceTree = "<group>"; };
		B344FCC81C0563A700B069AB /* ForgetPasswordVC.h */ = {isa = PBXFileReference; fileEncoding = 4; lastKnownFileType = sourcecode.c.h; path = ForgetPasswordVC.h; sourceTree = "<group>"; };
		B344FCC91C0563A700B069AB /* ForgetPasswordVC.m */ = {isa = PBXFileReference; fileEncoding = 4; lastKnownFileType = sourcecode.c.objc; path = ForgetPasswordVC.m; sourceTree = "<group>"; };
		B344FCCB1C0563B700B069AB /* RegisterVC.h */ = {isa = PBXFileReference; fileEncoding = 4; lastKnownFileType = sourcecode.c.h; path = RegisterVC.h; sourceTree = "<group>"; };
		B344FCCC1C0563B700B069AB /* RegisterVC.m */ = {isa = PBXFileReference; fileEncoding = 4; lastKnownFileType = sourcecode.c.objc; path = RegisterVC.m; sourceTree = "<group>"; };
		B344FCCE1C0564B800B069AB /* AttendanceVC.h */ = {isa = PBXFileReference; fileEncoding = 4; lastKnownFileType = sourcecode.c.h; path = AttendanceVC.h; sourceTree = "<group>"; };
		B344FCCF1C0564B800B069AB /* AttendanceVC.m */ = {isa = PBXFileReference; fileEncoding = 4; lastKnownFileType = sourcecode.c.objc; path = AttendanceVC.m; sourceTree = "<group>"; };
		B344FCD11C0564C700B069AB /* ContactsVC.h */ = {isa = PBXFileReference; fileEncoding = 4; lastKnownFileType = sourcecode.c.h; path = ContactsVC.h; sourceTree = "<group>"; };
		B344FCD21C0564C700B069AB /* ContactsVC.m */ = {isa = PBXFileReference; fileEncoding = 4; lastKnownFileType = sourcecode.c.objc; path = ContactsVC.m; sourceTree = "<group>"; };
		B344FCD41C0564FB00B069AB /* DiscoverVC.h */ = {isa = PBXFileReference; fileEncoding = 4; lastKnownFileType = sourcecode.c.h; path = DiscoverVC.h; sourceTree = "<group>"; };
		B344FCD51C0564FB00B069AB /* DiscoverVC.m */ = {isa = PBXFileReference; fileEncoding = 4; lastKnownFileType = sourcecode.c.objc; path = DiscoverVC.m; sourceTree = "<group>"; };
		B344FCD71C05650600B069AB /* SettingVC.h */ = {isa = PBXFileReference; fileEncoding = 4; lastKnownFileType = sourcecode.c.h; path = SettingVC.h; sourceTree = "<group>"; };
		B344FCD81C05650600B069AB /* SettingVC.m */ = {isa = PBXFileReference; fileEncoding = 4; lastKnownFileType = sourcecode.c.objc; path = SettingVC.m; sourceTree = "<group>"; };
		B344FCDB1C0567C100B069AB /* BaseNavController.h */ = {isa = PBXFileReference; fileEncoding = 4; lastKnownFileType = sourcecode.c.h; path = BaseNavController.h; sourceTree = "<group>"; };
		B344FCDC1C0567C100B069AB /* BaseNavController.m */ = {isa = PBXFileReference; fileEncoding = 4; lastKnownFileType = sourcecode.c.objc; path = BaseNavController.m; sourceTree = "<group>"; };
		B346FC0D1C0595A900814E85 /* NetManager.h */ = {isa = PBXFileReference; fileEncoding = 4; lastKnownFileType = sourcecode.c.h; path = NetManager.h; sourceTree = "<group>"; };
		B346FC0E1C0595A900814E85 /* NetManager.m */ = {isa = PBXFileReference; fileEncoding = 4; lastKnownFileType = sourcecode.c.objc; path = NetManager.m; sourceTree = "<group>"; };
		E907BAC9F43B61A34BC67DB4 /* libPods.a */ = {isa = PBXFileReference; explicitFileType = archive.ar; includeInIndex = 0; path = libPods.a; sourceTree = BUILT_PRODUCTS_DIR; };
/* End PBXFileReference section */

/* Begin PBXFrameworksBuildPhase section */
		B344FC861C055CAC00B069AB /* Frameworks */ = {
			isa = PBXFrameworksBuildPhase;
			buildActionMask = 2147483647;
			files = (
				6BF2C16AAFFA77DC752F3883 /* libPods.a in Frameworks */,
			);
			runOnlyForDeploymentPostprocessing = 0;
		};
/* End PBXFrameworksBuildPhase section */

/* Begin PBXGroup section */
		1AE8A44E337D173076B95B88 /* Frameworks */ = {
			isa = PBXGroup;
			children = (
				E907BAC9F43B61A34BC67DB4 /* libPods.a */,
			);
			name = Frameworks;
			sourceTree = "<group>";
		};
		9A7C8C8C877FECF608884E3B /* Pods */ = {
			isa = PBXGroup;
			children = (
				9A0CA5C9E99A3F0B04A9C1BE /* Pods.debug.xcconfig */,
				45F05B7765175D112E4223DF /* Pods.release.xcconfig */,
			);
			name = Pods;
			sourceTree = "<group>";
		};
		B344FC801C055CAC00B069AB = {
			isa = PBXGroup;
			children = (
				B344FC8B1C055CAC00B069AB /* lmyq */,
				B344FC8A1C055CAC00B069AB /* Products */,
				9A7C8C8C877FECF608884E3B /* Pods */,
				1AE8A44E337D173076B95B88 /* Frameworks */,
			);
			sourceTree = "<group>";
		};
		B344FC8A1C055CAC00B069AB /* Products */ = {
			isa = PBXGroup;
			children = (
				B344FC891C055CAC00B069AB /* lmyq.app */,
			);
			name = Products;
			sourceTree = "<group>";
		};
		B344FC8B1C055CAC00B069AB /* lmyq */ = {
			isa = PBXGroup;
			children = (
				B344FCA31C055DFB00B069AB /* Classes */,
				B344FC8C1C055CAC00B069AB /* Supporting Files */,
			);
			path = lmyq;
			sourceTree = "<group>";
		};
		B344FC8C1C055CAC00B069AB /* Supporting Files */ = {
			isa = PBXGroup;
			children = (
				B344FC981C055CAC00B069AB /* Assets.xcassets */,
				B344FC9D1C055CAC00B069AB /* Info.plist */,
				B344FC9A1C055CAC00B069AB /* LaunchScreen.storyboard */,
				B344FC8D1C055CAC00B069AB /* main.m */,
			);
			name = "Supporting Files";
			sourceTree = "<group>";
		};
		B344FCA31C055DFB00B069AB /* Classes */ = {
			isa = PBXGroup;
			children = (
				B344FCA41C055DFB00B069AB /* Lib */,
				B344FCA51C055DFB00B069AB /* Login */,
				B344FCA91C055DFB00B069AB /* Main */,
				B344FCBD1C055DFB00B069AB /* Utils */,
				B344FCBA1C055DFB00B069AB /* Other */,
			);
			path = Classes;
			sourceTree = "<group>";
		};
		B344FCA41C055DFB00B069AB /* Lib */ = {
			isa = PBXGroup;
			children = (
			);
			path = Lib;
			sourceTree = "<group>";
		};
		B344FCA51C055DFB00B069AB /* Login */ = {
			isa = PBXGroup;
			children = (
				B344FCC11C055F1200B069AB /* Login.storyboard */,
				B344FCA61C055DFB00B069AB /* Controller */,
				B344FCA71C055DFB00B069AB /* Model */,
				B344FCA81C055DFB00B069AB /* View */,
			);
			path = Login;
			sourceTree = "<group>";
		};
		B344FCA61C055DFB00B069AB /* Controller */ = {
			isa = PBXGroup;
			children = (
				B344FCC31C055F2E00B069AB /* LoginVC.h */,
				B344FCC41C055F2E00B069AB /* LoginVC.m */,
				B344FCC81C0563A700B069AB /* ForgetPasswordVC.h */,
				B344FCC91C0563A700B069AB /* ForgetPasswordVC.m */,
				B344FCCB1C0563B700B069AB /* RegisterVC.h */,
				B344FCCC1C0563B700B069AB /* RegisterVC.m */,
			);
			path = Controller;
			sourceTree = "<group>";
		};
		B344FCA71C055DFB00B069AB /* Model */ = {
			isa = PBXGroup;
			children = (
			);
			path = Model;
			sourceTree = "<group>";
		};
		B344FCA81C055DFB00B069AB /* View */ = {
			isa = PBXGroup;
			children = (
			);
			path = View;
			sourceTree = "<group>";
		};
		B344FCA91C055DFB00B069AB /* Main */ = {
			isa = PBXGroup;
			children = (
				B344FCBF1C055E7E00B069AB /* Main.storyboard */,
				B344FCB21C055DFB00B069AB /* Attendance */,
				B344FCAA1C055DFB00B069AB /* Contacts */,
				B344FCAE1C055DFB00B069AB /* Discover */,
				B344FCB61C055DFB00B069AB /* Setting */,
			);
			path = Main;
			sourceTree = "<group>";
		};
		B344FCAA1C055DFB00B069AB /* Contacts */ = {
			isa = PBXGroup;
			children = (
				B344FCAB1C055DFB00B069AB /* Controller */,
				B344FCAC1C055DFB00B069AB /* Model */,
				B344FCAD1C055DFB00B069AB /* View */,
			);
			path = Contacts;
			sourceTree = "<group>";
		};
		B344FCAB1C055DFB00B069AB /* Controller */ = {
			isa = PBXGroup;
			children = (
				B344FCD11C0564C700B069AB /* ContactsVC.h */,
				B344FCD21C0564C700B069AB /* ContactsVC.m */,
			);
			path = Controller;
			sourceTree = "<group>";
		};
		B344FCAC1C055DFB00B069AB /* Model */ = {
			isa = PBXGroup;
			children = (
			);
			path = Model;
			sourceTree = "<group>";
		};
		B344FCAD1C055DFB00B069AB /* View */ = {
			isa = PBXGroup;
			children = (
			);
			path = View;
			sourceTree = "<group>";
		};
		B344FCAE1C055DFB00B069AB /* Discover */ = {
			isa = PBXGroup;
			children = (
				B344FCAF1C055DFB00B069AB /* Controller */,
				B344FCB01C055DFB00B069AB /* Model */,
				B344FCB11C055DFB00B069AB /* View */,
			);
			path = Discover;
			sourceTree = "<group>";
		};
		B344FCAF1C055DFB00B069AB /* Controller */ = {
			isa = PBXGroup;
			children = (
				B344FCD41C0564FB00B069AB /* DiscoverVC.h */,
				B344FCD51C0564FB00B069AB /* DiscoverVC.m */,
			);
			path = Controller;
			sourceTree = "<group>";
		};
		B344FCB01C055DFB00B069AB /* Model */ = {
			isa = PBXGroup;
			children = (
			);
			path = Model;
			sourceTree = "<group>";
		};
		B344FCB11C055DFB00B069AB /* View */ = {
			isa = PBXGroup;
			children = (
			);
			path = View;
			sourceTree = "<group>";
		};
		B344FCB21C055DFB00B069AB /* Attendance */ = {
			isa = PBXGroup;
			children = (
				B344FCB31C055DFB00B069AB /* Controller */,
				B344FCB41C055DFB00B069AB /* Model */,
				B344FCB51C055DFB00B069AB /* View */,
			);
			path = Attendance;
			sourceTree = "<group>";
		};
		B344FCB31C055DFB00B069AB /* Controller */ = {
			isa = PBXGroup;
			children = (
				B344FCCE1C0564B800B069AB /* AttendanceVC.h */,
				B344FCCF1C0564B800B069AB /* AttendanceVC.m */,
			);
			path = Controller;
			sourceTree = "<group>";
		};
		B344FCB41C055DFB00B069AB /* Model */ = {
			isa = PBXGroup;
			children = (
			);
			path = Model;
			sourceTree = "<group>";
		};
		B344FCB51C055DFB00B069AB /* View */ = {
			isa = PBXGroup;
			children = (
			);
			path = View;
			sourceTree = "<group>";
		};
		B344FCB61C055DFB00B069AB /* Setting */ = {
			isa = PBXGroup;
			children = (
				B344FCB71C055DFB00B069AB /* Controller */,
				B344FCB81C055DFB00B069AB /* Model */,
				B344FCB91C055DFB00B069AB /* View */,
			);
			path = Setting;
			sourceTree = "<group>";
		};
		B344FCB71C055DFB00B069AB /* Controller */ = {
			isa = PBXGroup;
			children = (
				B344FCD71C05650600B069AB /* SettingVC.h */,
				B344FCD81C05650600B069AB /* SettingVC.m */,
			);
			path = Controller;
			sourceTree = "<group>";
		};
		B344FCB81C055DFB00B069AB /* Model */ = {
			isa = PBXGroup;
			children = (
			);
			path = Model;
			sourceTree = "<group>";
		};
		B344FCB91C055DFB00B069AB /* View */ = {
			isa = PBXGroup;
			children = (
			);
			path = View;
			sourceTree = "<group>";
		};
		B344FCBA1C055DFB00B069AB /* Other */ = {
			isa = PBXGroup;
			children = (
				B344FCBB1C055DFB00B069AB /* AppDelegate.h */,
				B344FCBC1C055DFB00B069AB /* AppDelegate.m */,
				B344FCC61C055F9800B069AB /* PrefixHeader.pch */,
				B344FCC71C05602200B069AB /* CONST.h */,
			);
			path = Other;
			sourceTree = "<group>";
		};
		B344FCBD1C055DFB00B069AB /* Utils */ = {
			isa = PBXGroup;
			children = (
				B346FC0C1C05956700814E85 /* Tool */,
				B344FCDA1C05678F00B069AB /* Controller */,
			);
			path = Utils;
			sourceTree = "<group>";
		};
		B344FCDA1C05678F00B069AB /* Controller */ = {
			isa = PBXGroup;
			children = (
				B344FCDB1C0567C100B069AB /* BaseNavController.h */,
				B344FCDC1C0567C100B069AB /* BaseNavController.m */,
			);
			path = Controller;
			sourceTree = "<group>";
		};
		B346FC0C1C05956700814E85 /* Tool */ = {
			isa = PBXGroup;
			children = (
				B346FC0D1C0595A900814E85 /* NetManager.h */,
				B346FC0E1C0595A900814E85 /* NetManager.m */,
			);
			path = Tool;
			sourceTree = "<group>";
		};
/* End PBXGroup section */

/* Begin PBXNativeTarget section */
		B344FC881C055CAC00B069AB /* lmyq */ = {
			isa = PBXNativeTarget;
			buildConfigurationList = B344FCA01C055CAC00B069AB /* Build configuration list for PBXNativeTarget "lmyq" */;
			buildPhases = (
				4A0C9231E82849DE560C54E1 /* Check Pods Manifest.lock */,
				B344FC851C055CAC00B069AB /* Sources */,
				B344FC861C055CAC00B069AB /* Frameworks */,
				B344FC871C055CAC00B069AB /* Resources */,
				01606F88F871A21D644851B9 /* Embed Pods Frameworks */,
				5B1ECD04642DBC1F728FF789 /* Copy Pods Resources */,
			);
			buildRules = (
			);
			dependencies = (
			);
			name = lmyq;
			productName = lmyq;
			productReference = B344FC891C055CAC00B069AB /* lmyq.app */;
			productType = "com.apple.product-type.application";
		};
/* End PBXNativeTarget section */

/* Begin PBXProject section */
		B344FC811C055CAC00B069AB /* Project object */ = {
			isa = PBXProject;
			attributes = {
				LastUpgradeCheck = 0710;
				ORGANIZATIONNAME = "LanMeng Tec.";
				TargetAttributes = {
					B344FC881C055CAC00B069AB = {
						CreatedOnToolsVersion = 7.1.1;
					};
				};
			};
			buildConfigurationList = B344FC841C055CAC00B069AB /* Build configuration list for PBXProject "lmyq" */;
			compatibilityVersion = "Xcode 3.2";
			developmentRegion = English;
			hasScannedForEncodings = 0;
			knownRegions = (
				en,
				Base,
			);
			mainGroup = B344FC801C055CAC00B069AB;
			productRefGroup = B344FC8A1C055CAC00B069AB /* Products */;
			projectDirPath = "";
			projectRoot = "";
			targets = (
				B344FC881C055CAC00B069AB /* lmyq */,
			);
		};
/* End PBXProject section */

/* Begin PBXResourcesBuildPhase section */
		B344FC871C055CAC00B069AB /* Resources */ = {
			isa = PBXResourcesBuildPhase;
			buildActionMask = 2147483647;
			files = (
				B344FCC21C055F1200B069AB /* Login.storyboard in Resources */,
				B344FCC01C055E7E00B069AB /* Main.storyboard in Resources */,
				B344FC9C1C055CAC00B069AB /* LaunchScreen.storyboard in Resources */,
				B344FC991C055CAC00B069AB /* Assets.xcassets in Resources */,
			);
			runOnlyForDeploymentPostprocessing = 0;
		};
/* End PBXResourcesBuildPhase section */

/* Begin PBXShellScriptBuildPhase section */
		01606F88F871A21D644851B9 /* Embed Pods Frameworks */ = {
			isa = PBXShellScriptBuildPhase;
			buildActionMask = 2147483647;
			files = (
			);
			inputPaths = (
			);
			name = "Embed Pods Frameworks";
			outputPaths = (
			);
			runOnlyForDeploymentPostprocessing = 0;
			shellPath = /bin/sh;
			shellScript = "\"${SRCROOT}/Pods/Target Support Files/Pods/Pods-frameworks.sh\"\n";
			showEnvVarsInLog = 0;
		};
		4A0C9231E82849DE560C54E1 /* Check Pods Manifest.lock */ = {
			isa = PBXShellScriptBuildPhase;
			buildActionMask = 2147483647;
			files = (
			);
			inputPaths = (
			);
			name = "Check Pods Manifest.lock";
			outputPaths = (
			);
			runOnlyForDeploymentPostprocessing = 0;
			shellPath = /bin/sh;
			shellScript = "diff \"${PODS_ROOT}/../Podfile.lock\" \"${PODS_ROOT}/Manifest.lock\" > /dev/null\nif [[ $? != 0 ]] ; then\n    cat << EOM\nerror: The sandbox is not in sync with the Podfile.lock. Run 'pod install' or update your CocoaPods installation.\nEOM\n    exit 1\nfi\n";
			showEnvVarsInLog = 0;
		};
		5B1ECD04642DBC1F728FF789 /* Copy Pods Resources */ = {
			isa = PBXShellScriptBuildPhase;
			buildActionMask = 2147483647;
			files = (
			);
			inputPaths = (
			);
			name = "Copy Pods Resources";
			outputPaths = (
			);
			runOnlyForDeploymentPostprocessing = 0;
			shellPath = /bin/sh;
			shellScript = "\"${SRCROOT}/Pods/Target Support Files/Pods/Pods-resources.sh\"\n";
			showEnvVarsInLog = 0;
		};
/* End PBXShellScriptBuildPhase section */

/* Begin PBXSourcesBuildPhase section */
		B344FC851C055CAC00B069AB /* Sources */ = {
			isa = PBXSourcesBuildPhase;
			buildActionMask = 2147483647;
			files = (
				B344FCCA1C0563A700B069AB /* ForgetPasswordVC.m in Sources */,
				B344FCBE1C055DFB00B069AB /* AppDelegate.m in Sources */,
				B344FCCD1C0563B700B069AB /* RegisterVC.m in Sources */,
				B344FCD01C0564B800B069AB /* AttendanceVC.m in Sources */,
				B344FCD31C0564C700B069AB /* ContactsVC.m in Sources */,
				B346FC0F1C0595A900814E85 /* NetManager.m in Sources */,
				B344FC8E1C055CAC00B069AB /* main.m in Sources */,
				B344FCDD1C0567C100B069AB /* BaseNavController.m in Sources */,
				B344FCC51C055F2E00B069AB /* LoginVC.m in Sources */,
				B344FCD91C05650600B069AB /* SettingVC.m in Sources */,
				B344FCD61C0564FB00B069AB /* DiscoverVC.m in Sources */,
			);
			runOnlyForDeploymentPostprocessing = 0;
		};
/* End PBXSourcesBuildPhase section */

/* Begin PBXVariantGroup section */
		B344FC9A1C055CAC00B069AB /* LaunchScreen.storyboard */ = {
			isa = PBXVariantGroup;
			children = (
				B344FC9B1C055CAC00B069AB /* Base */,
			);
			name = LaunchScreen.storyboard;
			sourceTree = "<group>";
		};
/* End PBXVariantGroup section */

/* Begin XCBuildConfiguration section */
		B344FC9E1C055CAC00B069AB /* Debug */ = {
			isa = XCBuildConfiguration;
			buildSettings = {
				ALWAYS_SEARCH_USER_PATHS = NO;
				CLANG_CXX_LANGUAGE_STANDARD = "gnu++0x";
				CLANG_CXX_LIBRARY = "libc++";
				CLANG_ENABLE_MODULES = YES;
				CLANG_ENABLE_OBJC_ARC = YES;
				CLANG_WARN_BOOL_CONVERSION = YES;
				CLANG_WARN_CONSTANT_CONVERSION = YES;
				CLANG_WARN_DIRECT_OBJC_ISA_USAGE = YES_ERROR;
				CLANG_WARN_EMPTY_BODY = YES;
				CLANG_WARN_ENUM_CONVERSION = YES;
				CLANG_WARN_INT_CONVERSION = YES;
				CLANG_WARN_OBJC_ROOT_CLASS = YES_ERROR;
				CLANG_WARN_UNREACHABLE_CODE = YES;
				CLANG_WARN__DUPLICATE_METHOD_MATCH = YES;
				"CODE_SIGN_IDENTITY[sdk=iphoneos*]" = "iPhone Developer";
				COPY_PHASE_STRIP = NO;
				DEBUG_INFORMATION_FORMAT = dwarf;
				ENABLE_STRICT_OBJC_MSGSEND = YES;
				ENABLE_TESTABILITY = YES;
				GCC_C_LANGUAGE_STANDARD = gnu99;
				GCC_DYNAMIC_NO_PIC = NO;
				GCC_NO_COMMON_BLOCKS = YES;
				GCC_OPTIMIZATION_LEVEL = 0;
				GCC_PREPROCESSOR_DEFINITIONS = (
					"DEBUG=1",
					"$(inherited)",
				);
				GCC_WARN_64_TO_32_BIT_CONVERSION = YES;
				GCC_WARN_ABOUT_RETURN_TYPE = YES_ERROR;
				GCC_WARN_UNDECLARED_SELECTOR = YES;
				GCC_WARN_UNINITIALIZED_AUTOS = YES_AGGRESSIVE;
				GCC_WARN_UNUSED_FUNCTION = YES;
				GCC_WARN_UNUSED_VARIABLE = YES;
				IPHONEOS_DEPLOYMENT_TARGET = 9.1;
				MTL_ENABLE_DEBUG_INFO = YES;
				ONLY_ACTIVE_ARCH = YES;
				SDKROOT = iphoneos;
				TARGETED_DEVICE_FAMILY = "1,2";
			};
			name = Debug;
		};
		B344FC9F1C055CAC00B069AB /* Release */ = {
			isa = XCBuildConfiguration;
			buildSettings = {
				ALWAYS_SEARCH_USER_PATHS = NO;
				CLANG_CXX_LANGUAGE_STANDARD = "gnu++0x";
				CLANG_CXX_LIBRARY = "libc++";
				CLANG_ENABLE_MODULES = YES;
				CLANG_ENABLE_OBJC_ARC = YES;
				CLANG_WARN_BOOL_CONVERSION = YES;
				CLANG_WARN_CONSTANT_CONVERSION = YES;
				CLANG_WARN_DIRECT_OBJC_ISA_USAGE = YES_ERROR;
				CLANG_WARN_EMPTY_BODY = YES;
				CLANG_WARN_ENUM_CONVERSION = YES;
				CLANG_WARN_INT_CONVERSION = YES;
				CLANG_WARN_OBJC_ROOT_CLASS = YES_ERROR;
				CLANG_WARN_UNREACHABLE_CODE = YES;
				CLANG_WARN__DUPLICATE_METHOD_MATCH = YES;
				"CODE_SIGN_IDENTITY[sdk=iphoneos*]" = "iPhone Developer";
				COPY_PHASE_STRIP = NO;
				DEBUG_INFORMATION_FORMAT = "dwarf-with-dsym";
				ENABLE_NS_ASSERTIONS = NO;
				ENABLE_STRICT_OBJC_MSGSEND = YES;
				GCC_C_LANGUAGE_STANDARD = gnu99;
				GCC_NO_COMMON_BLOCKS = YES;
				GCC_WARN_64_TO_32_BIT_CONVERSION = YES;
				GCC_WARN_ABOUT_RETURN_TYPE = YES_ERROR;
				GCC_WARN_UNDECLARED_SELECTOR = YES;
				GCC_WARN_UNINITIALIZED_AUTOS = YES_AGGRESSIVE;
				GCC_WARN_UNUSED_FUNCTION = YES;
				GCC_WARN_UNUSED_VARIABLE = YES;
				IPHONEOS_DEPLOYMENT_TARGET = 9.1;
				MTL_ENABLE_DEBUG_INFO = NO;
				SDKROOT = iphoneos;
				TARGETED_DEVICE_FAMILY = "1,2";
				VALIDATE_PRODUCT = YES;
			};
			name = Release;
		};
		B344FCA11C055CAC00B069AB /* Debug */ = {
			isa = XCBuildConfiguration;
			baseConfigurationReference = 9A0CA5C9E99A3F0B04A9C1BE /* Pods.debug.xcconfig */;
			buildSettings = {
				ASSETCATALOG_COMPILER_APPICON_NAME = AppIcon;
				ASSETCATALOG_COMPILER_LAUNCHIMAGE_NAME = "Brand Assets";
				CODE_SIGN_IDENTITY = "iPhone Developer";
				GCC_PREFIX_HEADER = "$(SRCROOT)/lmyq/Classes/Other/PrefixHeader.pch";
				INFOPLIST_FILE = lmyq/Info.plist;
				IPHONEOS_DEPLOYMENT_TARGET = 7.1;
				LD_RUNPATH_SEARCH_PATHS = "$(inherited) @executable_path/Frameworks";
				PRODUCT_BUNDLE_IDENTIFIER = com.lamengkeji.lmyq100;
				PRODUCT_NAME = "$(TARGET_NAME)";
				TARGETED_DEVICE_FAMILY = 1;
			};
			name = Debug;
		};
		B344FCA21C055CAC00B069AB /* Release */ = {
			isa = XCBuildConfiguration;
			baseConfigurationReference = 45F05B7765175D112E4223DF /* Pods.release.xcconfig */;
			buildSettings = {
				ASSETCATALOG_COMPILER_APPICON_NAME = AppIcon;
				ASSETCATALOG_COMPILER_LAUNCHIMAGE_NAME = "Brand Assets";
				CODE_SIGN_IDENTITY = "iPhone Developer";
				GCC_PREFIX_HEADER = "$(SRCROOT)/lmyq/Classes/Other/PrefixHeader.pch";
				INFOPLIST_FILE = lmyq/Info.plist;
				IPHONEOS_DEPLOYMENT_TARGET = 7.1;
				LD_RUNPATH_SEARCH_PATHS = "$(inherited) @executable_path/Frameworks";
				PRODUCT_BUNDLE_IDENTIFIER = com.lamengkeji.lmyq100;
				PRODUCT_NAME = "$(TARGET_NAME)";
				TARGETED_DEVICE_FAMILY = 1;
			};
			name = Release;
		};
/* End XCBuildConfiguration section */

/* Begin XCConfigurationList section */
		B344FC841C055CAC00B069AB /* Build configuration list for PBXProject "lmyq" */ = {
			isa = XCConfigurationList;
			buildConfigurations = (
				B344FC9E1C055CAC00B069AB /* Debug */,
				B344FC9F1C055CAC00B069AB /* Release */,
			);
			defaultConfigurationIsVisible = 0;
			defaultConfigurationName = Release;
		};
		B344FCA01C055CAC00B069AB /* Build configuration list for PBXNativeTarget "lmyq" */ = {
			isa = XCConfigurationList;
			buildConfigurations = (
				B344FCA11C055CAC00B069AB /* Debug */,
				B344FCA21C055CAC00B069AB /* Release */,
			);
			defaultConfigurationIsVisible = 0;
			defaultConfigurationName = Release;
		};
/* End XCConfigurationList section */
	};
	rootObject = B344FC811C055CAC00B069AB /* Project object */;
}
